<?xml version="1.0" encoding="utf-8"?>
<Project ToolsVersion="4.0" xmlns="http://schemas.microsoft.com/developer/msbuild/2003">
  <ItemGroup>
    <Filter Include="Header Files">
      <UniqueIdentifier>{93995380-89BD-4b04-88EB-625FBE52EBFB}</UniqueIdentifier>
      <Extensions>h;hpp;hxx;hm;inl;inc;xsd</Extensions>
    </Filter>
    <Filter Include="Resource Files">
      <UniqueIdentifier>{67DA6AB6-F800-4c08-8B7A-83BB121AAD01}</UniqueIdentifier>
      <Extensions>rc;ico;cur;bmp;dlg;rc2;rct;bin;rgs;gif;jpg;jpeg;jpe;resx;tiff;tif;png;wav</Extensions>
    </Filter>
    <Filter Include="Source Files">
      <UniqueIdentifier>{4FC737F1-C7A5-4376-A066-2A32D752A2FF}</UniqueIdentifier>
      <Extensions>cpp;c;cc;cxx;def;odl;idl;hpj;bat;asm;asmx</Extensions>
    </Filter>
    <Filter Include="Source Files\Framework">
      <UniqueIdentifier>{82649680-6f01-4f4b-9016-33d2f9930b72}</UniqueIdentifier>
    </Filter>
    <Filter Include="Header Files\Framework">
      <UniqueIdentifier>{4e4a6a07-d337-42ef-975e-413637bbb864}</UniqueIdentifier>
    </Filter>
  </ItemGroup>
  <ItemGroup>
    <ClInclude Include="header.h">
      <Filter>Header Files</Filter>
    </ClInclude>
    <ClInclude Include="BaseEngine.h">
      <Filter>Header Files\Framework</Filter>
    </ClInclude>
    <ClInclude Include="DisplayableObject.h">
      <Filter>Header Files\Framework</Filter>
    </ClInclude>
    <ClInclude Include="FontManager.h">
      <Filter>Header Files\Framework</Filter>
    </ClInclude>
    <ClInclude Include="TileManager.h">
      <Filter>Header Files\Framework</Filter>
    </ClInclude>
    <ClInclude Include="DisplayableObjectContainer.h">
      <Filter>Header Files\Framework</Filter>
    </ClInclude>
    <ClInclude Include="ImageManager.h">
      <Filter>Header Files\Framework</Filter>
    </ClInclude>
    <ClInclude Include="SimpleImage.h">
      <Filter>Header Files\Framework</Filter>
    </ClInclude>
    <ClInclude Include="UtilMovementPosition.h">
      <Filter>Header Files\Framework</Filter>
    </ClInclude>
    <ClInclude Include="UtilCollisionDetection.h">
      <Filter>Header Files\Framework</Filter>
    </ClInclude>
    <ClInclude Include="ImagePixelMapping.h">
      <Filter>Header Files\Framework</Filter>
    </ClInclude>
    <ClInclude Include="UtilDragAlignment.h">
      <Filter>Header Files\Framework</Filter>
    </ClInclude>
    <ClInclude Include="DrawingSurface.h">
      <Filter>Header Files\Framework</Filter>
    </ClInclude>
    <ClInclude Include="FilterPoints.h">
      <Filter>Header Files\Framework</Filter>
    </ClInclude>
    <ClInclude Include="RawImageData.h">
      <Filter>Header Files\Framework</Filter>
    </ClInclude>
    <ClInclude Include="UtilCachedSimpleTrig.h">
      <Filter>Header Files\Framework</Filter>
    </ClInclude>
    <ClInclude Include="Psykg5GameEngine.h">
      <Filter>Header Files</Filter>
    </ClInclude>
    <ClInclude Include="Psykg5StateManager.h">
      <Filter>Header Files</Filter>
    </ClInclude>
    <ClInclude Include="Psykg5Shield.h">
      <Filter>Header Files</Filter>
    </ClInclude>
    <ClInclude Include="Psykg5Flyer.h">
      <Filter>Header Files</Filter>
    </ClInclude>
    <ClInclude Include="Psykg5Cauldron.h">
      <Filter>Header Files</Filter>
    </ClInclude>
    <ClInclude Include="Psykg5TemplateUtils.h">
      <Filter>Header Files</Filter>
    </ClInclude>
    <ClInclude Include="Psykg5State.h">
      <Filter>Header Files</Filter>
    </ClInclude>
    <ClInclude Include="Psykg5GameObject.h">
      <Filter>Header Files</Filter>
    </ClInclude>
    <ClInclude Include="Psykg5ScrollingBackground.h">
      <Filter>Header Files</Filter>
    </ClInclude>
    <ClInclude Include="Psykg5AdvancedCollision.h">
      <Filter>Header Files</Filter>
    </ClInclude>
    <ClInclude Include="Psykg5Effect.h">
      <Filter>Header Files</Filter>
    </ClInclude>
    <ClInclude Include="Psykg5SparkleEffect.h">
      <Filter>Header Files</Filter>
    </ClInclude>
    <ClInclude Include="Psykg5FileManager.h">
      <Filter>Header Files</Filter>
    </ClInclude>
    <ClInclude Include="Psykg5Tree.h">
      <Filter>Header Files</Filter>
    </ClInclude>
    <ClInclude Include="Psykg5FilterPoints.h">
      <Filter>Header Files</Filter>
    </ClInclude>
    <ClInclude Include="ExampleFilterPointClasses.h">
      <Filter>Header Files\Framework</Filter>
    </ClInclude>
    <ClInclude Include="Psykg5WavePixelMapping.h">
      <Filter>Header Files</Filter>
    </ClInclude>
  </ItemGroup>
  <ItemGroup>
    <ClCompile Include="mainfunction.cpp">
      <Filter>Source Files</Filter>
    </ClCompile>
    <ClCompile Include="BaseEngine.cpp">
      <Filter>Source Files\Framework</Filter>
    </ClCompile>
    <ClCompile Include="DisplayableObject.cpp">
      <Filter>Source Files\Framework</Filter>
    </ClCompile>
    <ClCompile Include="FontManager.cpp">
      <Filter>Source Files\Framework</Filter>
    </ClCompile>
    <ClCompile Include="TileManager.cpp">
      <Filter>Source Files\Framework</Filter>
    </ClCompile>
    <ClCompile Include="SimpleImage.cpp">
      <Filter>Source Files\Framework</Filter>
    </ClCompile>
    <ClCompile Include="DrawingSurface.cpp">
      <Filter>Source Files\Framework</Filter>
    </ClCompile>
    <ClCompile Include="Psykg5GameEngine.cpp">
      <Filter>Source Files</Filter>
    </ClCompile>
    <ClCompile Include="Psykg5StateManager.cpp">
      <Filter>Source Files</Filter>
    </ClCompile>
    <ClCompile Include="Psykg5Shield.cpp">
      <Filter>Source Files</Filter>
    </ClCompile>
    <ClCompile Include="Psykg5Flyer.cpp">
      <Filter>Source Files</Filter>
    </ClCompile>
    <ClCompile Include="Psykg5Cauldron.cpp">
      <Filter>Source Files</Filter>
    </ClCompile>
    <ClCompile Include="Psykg5State.cpp">
      <Filter>Source Files</Filter>
    </ClCompile>
    <ClCompile Include="Psykg5GameObject.cpp">
      <Filter>Source Files</Filter>
    </ClCompile>
    <ClCompile Include="Psykg5ScrollingBackground.cpp">
      <Filter>Source Files</Filter>
    </ClCompile>
    <ClCompile Include="Psykg5Effect.cpp">
      <Filter>Source Files</Filter>
    </ClCompile>
    <ClCompile Include="Psykg5SparkleEffect.cpp">
      <Filter>Source Files</Filter>
    </ClCompile>
    <ClCompile Include="Psykg5FileManager.cpp">
      <Filter>Source Files</Filter>
    </ClCompile>
    <ClCompile Include="Psykg5WavePixelMapping.cpp">
      <Filter>Source Files</Filter>
    </ClCompile>
  </ItemGroup>
</Project>